// !$*UTF8*$!
{
	archiveVersion = 1;
	classes = {
	};
	objectVersion = 55;
	objects = {

/* Begin PBXBuildFile section */
		DF0445DB2891A572004AD0FF /* DataViewController.swift in Sources */ = {isa = PBXBuildFile; fileRef = DF0445DA2891A572004AD0FF /* DataViewController.swift */; };
		DF050B1028A293E100A5912D /* DelegateProtocolViewController.swift in Sources */ = {isa = PBXBuildFile; fileRef = DF050B0F28A293E100A5912D /* DelegateProtocolViewController.swift */; };
		DF050B1228A295B100A5912D /* SecondViewController.swift in Sources */ = {isa = PBXBuildFile; fileRef = DF050B1128A295B100A5912D /* SecondViewController.swift */; };
		DF050B1928A3E5B800A5912D /* ViewLifeCycleViewController.swift in Sources */ = {isa = PBXBuildFile; fileRef = DF050B1828A3E5B800A5912D /* ViewLifeCycleViewController.swift */; };
		DF050B1B28A3E7F900A5912D /* NextViewController.swift in Sources */ = {isa = PBXBuildFile; fileRef = DF050B1A28A3E7F900A5912D /* NextViewController.swift */; };
		DF3F8C3228BB5E5B00D48913 /* ImagePickerViewController.swift in Sources */ = {isa = PBXBuildFile; fileRef = DF3F8C3128BB5E5B00D48913 /* ImagePickerViewController.swift */; };
		DF479F51289D305400DA2E2B /* ButtonViewController.swift in Sources */ = {isa = PBXBuildFile; fileRef = DF479F50289D305400DA2E2B /* ButtonViewController.swift */; };
		DF50567D2884586900E6F8AA /* AppDelegate.swift in Sources */ = {isa = PBXBuildFile; fileRef = DF50567C2884586900E6F8AA /* AppDelegate.swift */; };
		DF50567F2884586900E6F8AA /* SceneDelegate.swift in Sources */ = {isa = PBXBuildFile; fileRef = DF50567E2884586900E6F8AA /* SceneDelegate.swift */; };
		DF5056812884586900E6F8AA /* ViewController.swift in Sources */ = {isa = PBXBuildFile; fileRef = DF5056802884586900E6F8AA /* ViewController.swift */; };
		DF5056862884586B00E6F8AA /* Assets.xcassets in Resources */ = {isa = PBXBuildFile; fileRef = DF5056852884586B00E6F8AA /* Assets.xcassets */; };
		DF5056892884586B00E6F8AA /* LaunchScreen.storyboard in Resources */ = {isa = PBXBuildFile; fileRef = DF5056872884586B00E6F8AA /* LaunchScreen.storyboard */; };
		DF96186328F9005100E21D30 /* Header.swift in Sources */ = {isa = PBXBuildFile; fileRef = DF96186228F9005100E21D30 /* Header.swift */; };
		DF96186528F931E300E21D30 /* CompositionalDummy.swift in Sources */ = {isa = PBXBuildFile; fileRef = DF96186428F931E300E21D30 /* CompositionalDummy.swift */; };
		DF96186928F9460F00E21D30 /* AnnotationDetailViewController.swift in Sources */ = {isa = PBXBuildFile; fileRef = DF96186828F9460F00E21D30 /* AnnotationDetailViewController.swift */; };
		DF96186C28F94B2E00E21D30 /* DefaultCollectionViewCell.swift in Sources */ = {isa = PBXBuildFile; fileRef = DF96186B28F94B2E00E21D30 /* DefaultCollectionViewCell.swift */; };
		DF96186E28F94C9400E21D30 /* TitleCollectionReusableView.swift in Sources */ = {isa = PBXBuildFile; fileRef = DF96186D28F94C9400E21D30 /* TitleCollectionReusableView.swift */; };
		DF96187028FA803900E21D30 /* DetailCellType.swift in Sources */ = {isa = PBXBuildFile; fileRef = DF96186F28FA803900E21D30 /* DetailCellType.swift */; };
		DF96187228FA8DFE00E21D30 /* ReusableCellType.swift in Sources */ = {isa = PBXBuildFile; fileRef = DF96187128FA8DFE00E21D30 /* ReusableCellType.swift */; };
		DF96187428FA914700E21D30 /* MoreInformationCollectionViewCell.swift in Sources */ = {isa = PBXBuildFile; fileRef = DF96187328FA914700E21D30 /* MoreInformationCollectionViewCell.swift */; };
		DF96187628FA953F00E21D30 /* MoreInformationReusableView.swift in Sources */ = {isa = PBXBuildFile; fileRef = DF96187528FA953F00E21D30 /* MoreInformationReusableView.swift */; };
		DFA6BDBE294C291A004E0FC4 /* UIKitController.swift in Sources */ = {isa = PBXBuildFile; fileRef = DFA6BDBD294C291A004E0FC4 /* UIKitController.swift */; };
		DFA6BDC0294C2926004E0FC4 /* SwiftUIView.swift in Sources */ = {isa = PBXBuildFile; fileRef = DFA6BDBF294C2926004E0FC4 /* SwiftUIView.swift */; };
		DFA9D12A28F69865000CD26A /* CompositionalDetailCollectionViewCell.swift in Sources */ = {isa = PBXBuildFile; fileRef = DFA9D12928F69865000CD26A /* CompositionalDetailCollectionViewCell.swift */; };
		DFAD3E7428F6903600E03C8B /* CompositionalCollectionViewLayoutViewController.swift in Sources */ = {isa = PBXBuildFile; fileRef = DFAD3E7328F6903600E03C8B /* CompositionalCollectionViewLayoutViewController.swift */; };
		DFAD3E7628F6942D00E03C8B /* CompositionalHeaderCollectionViewCell.swift in Sources */ = {isa = PBXBuildFile; fileRef = DFAD3E7528F6942D00E03C8B /* CompositionalHeaderCollectionViewCell.swift */; };
		DFDC1DD6288EB780001EE52B /* ScrollViewController.swift in Sources */ = {isa = PBXBuildFile; fileRef = DFDC1DD5288EB780001EE52B /* ScrollViewController.swift */; };
		DFE747C328FE7D0F0048E70A /* FirstViewController.swift in Sources */ = {isa = PBXBuildFile; fileRef = DFE747C228FE7D0F0048E70A /* FirstViewController.swift */; };
		DFE747C528FE7D220048E70A /* ModalViewController.swift in Sources */ = {isa = PBXBuildFile; fileRef = DFE747C428FE7D220048E70A /* ModalViewController.swift */; };
		DFE747C728FE81A10048E70A /* CustomStackView.swift in Sources */ = {isa = PBXBuildFile; fileRef = DFE747C628FE81A10048E70A /* CustomStackView.swift */; };
		DFE8634C28D1F25800F975F6 /* StackViewController.swift in Sources */ = {isa = PBXBuildFile; fileRef = DFE8634B28D1F25800F975F6 /* StackViewController.swift */; };
		DFE8635E28D8AEC400F975F6 /* AboutFontViewController.swift in Sources */ = {isa = PBXBuildFile; fileRef = DFE8635D28D8AEC400F975F6 /* AboutFontViewController.swift */; };
		DFF460E1291FD74D001D8CEC /* DynamicHeightViewController.swift in Sources */ = {isa = PBXBuildFile; fileRef = DFF460E0291FD74D001D8CEC /* DynamicHeightViewController.swift */; };
		DFF460E3291FD76B001D8CEC /* DynamicCollectionViewCell.swift in Sources */ = {isa = PBXBuildFile; fileRef = DFF460E2291FD76B001D8CEC /* DynamicCollectionViewCell.swift */; };
		DFF7F92028F44FF900804BEE /* OfficeAnnotationView.swift in Sources */ = {isa = PBXBuildFile; fileRef = DFF7F91F28F44FF900804BEE /* OfficeAnnotationView.swift */; };
		DFF7F92228F54C5A00804BEE /* OfficeDetailViewController.swift in Sources */ = {isa = PBXBuildFile; fileRef = DFF7F92128F54C5A00804BEE /* OfficeDetailViewController.swift */; };
		DFF7F92528F5591900804BEE /* CustomClusteringViewController.swift in Sources */ = {isa = PBXBuildFile; fileRef = DFF7F92428F5591900804BEE /* CustomClusteringViewController.swift */; };
		DFF7F92728F559F300804BEE /* Office1AnnotationView.swift in Sources */ = {isa = PBXBuildFile; fileRef = DFF7F92628F559F300804BEE /* Office1AnnotationView.swift */; };
		DFF7F92928F559FF00804BEE /* ActivityAnnotationView.swift in Sources */ = {isa = PBXBuildFile; fileRef = DFF7F92828F559FF00804BEE /* ActivityAnnotationView.swift */; };
		DFF7F92B28F55BFB00804BEE /* ClusterAnnotationView.swift in Sources */ = {isa = PBXBuildFile; fileRef = DFF7F92A28F55BFB00804BEE /* ClusterAnnotationView.swift */; };
		DFF7F92D28F55F5400804BEE /* TestData.swift in Sources */ = {isa = PBXBuildFile; fileRef = DFF7F92C28F55F5400804BEE /* TestData.swift */; };
		DFFBDB682966FBC50075A144 /* DiffableDataSourceViewController.swift in Sources */ = {isa = PBXBuildFile; fileRef = DFFBDB672966FBC50075A144 /* DiffableDataSourceViewController.swift */; };
		DFFBDB6C296D1D990075A144 /* ConcurrentQueueViewController.swift in Sources */ = {isa = PBXBuildFile; fileRef = DFFBDB6B296D1D990075A144 /* ConcurrentQueueViewController.swift */; };
		DFFFD8B128E568A70027D0D8 /* ButtonPracticeViewController.swift in Sources */ = {isa = PBXBuildFile; fileRef = DFFFD8B028E568A60027D0D8 /* ButtonPracticeViewController.swift */; };
		DFFFD8D428E886500027D0D8 /* MapViewController.swift in Sources */ = {isa = PBXBuildFile; fileRef = DFFFD8D328E886500027D0D8 /* MapViewController.swift */; };
		DFFFD8D728EC84A20027D0D8 /* MKAnnotationViewPractice.swift in Sources */ = {isa = PBXBuildFile; fileRef = DFFFD8D628EC84A20027D0D8 /* MKAnnotationViewPractice.swift */; };
/* End PBXBuildFile section */

/* Begin PBXFileReference section */
		DF0445DA2891A572004AD0FF /* DataViewController.swift */ = {isa = PBXFileReference; lastKnownFileType = sourcecode.swift; path = DataViewController.swift; sourceTree = "<group>"; };
		DF050B0F28A293E100A5912D /* DelegateProtocolViewController.swift */ = {isa = PBXFileReference; lastKnownFileType = sourcecode.swift; path = DelegateProtocolViewController.swift; sourceTree = "<group>"; };
		DF050B1128A295B100A5912D /* SecondViewController.swift */ = {isa = PBXFileReference; lastKnownFileType = sourcecode.swift; path = SecondViewController.swift; sourceTree = "<group>"; };
		DF050B1828A3E5B800A5912D /* ViewLifeCycleViewController.swift */ = {isa = PBXFileReference; lastKnownFileType = sourcecode.swift; path = ViewLifeCycleViewController.swift; sourceTree = "<group>"; };
		DF050B1A28A3E7F900A5912D /* NextViewController.swift */ = {isa = PBXFileReference; lastKnownFileType = sourcecode.swift; path = NextViewController.swift; sourceTree = "<group>"; };
		DF3F8C3128BB5E5B00D48913 /* ImagePickerViewController.swift */ = {isa = PBXFileReference; lastKnownFileType = sourcecode.swift; path = ImagePickerViewController.swift; sourceTree = "<group>"; };
		DF479F50289D305400DA2E2B /* ButtonViewController.swift */ = {isa = PBXFileReference; lastKnownFileType = sourcecode.swift; path = ButtonViewController.swift; sourceTree = "<group>"; };
		DF479F72289FDF5A00DA2E2B /* ClosurePrac.playground */ = {isa = PBXFileReference; lastKnownFileType = file.playground; path = ClosurePrac.playground; sourceTree = "<group>"; xcLanguageSpecificationIdentifier = xcode.lang.swift; };
		DF5056792884586900E6F8AA /* UIKitDictionary.app */ = {isa = PBXFileReference; explicitFileType = wrapper.application; includeInIndex = 0; path = UIKitDictionary.app; sourceTree = BUILT_PRODUCTS_DIR; };
		DF50567C2884586900E6F8AA /* AppDelegate.swift */ = {isa = PBXFileReference; lastKnownFileType = sourcecode.swift; path = AppDelegate.swift; sourceTree = "<group>"; };
		DF50567E2884586900E6F8AA /* SceneDelegate.swift */ = {isa = PBXFileReference; lastKnownFileType = sourcecode.swift; path = SceneDelegate.swift; sourceTree = "<group>"; };
		DF5056802884586900E6F8AA /* ViewController.swift */ = {isa = PBXFileReference; lastKnownFileType = sourcecode.swift; path = ViewController.swift; sourceTree = "<group>"; };
		DF5056852884586B00E6F8AA /* Assets.xcassets */ = {isa = PBXFileReference; lastKnownFileType = folder.assetcatalog; path = Assets.xcassets; sourceTree = "<group>"; };
		DF5056882884586B00E6F8AA /* Base */ = {isa = PBXFileReference; lastKnownFileType = file.storyboard; name = Base; path = Base.lproj/LaunchScreen.storyboard; sourceTree = "<group>"; };
		DF50568A2884586B00E6F8AA /* Info.plist */ = {isa = PBXFileReference; lastKnownFileType = text.plist.xml; path = Info.plist; sourceTree = "<group>"; };
		DF96186228F9005100E21D30 /* Header.swift */ = {isa = PBXFileReference; lastKnownFileType = sourcecode.swift; path = Header.swift; sourceTree = "<group>"; };
		DF96186428F931E300E21D30 /* CompositionalDummy.swift */ = {isa = PBXFileReference; lastKnownFileType = sourcecode.swift; path = CompositionalDummy.swift; sourceTree = "<group>"; };
		DF96186828F9460F00E21D30 /* AnnotationDetailViewController.swift */ = {isa = PBXFileReference; lastKnownFileType = sourcecode.swift; path = AnnotationDetailViewController.swift; sourceTree = "<group>"; };
		DF96186B28F94B2E00E21D30 /* DefaultCollectionViewCell.swift */ = {isa = PBXFileReference; lastKnownFileType = sourcecode.swift; path = DefaultCollectionViewCell.swift; sourceTree = "<group>"; };
		DF96186D28F94C9400E21D30 /* TitleCollectionReusableView.swift */ = {isa = PBXFileReference; lastKnownFileType = sourcecode.swift; path = TitleCollectionReusableView.swift; sourceTree = "<group>"; };
		DF96186F28FA803900E21D30 /* DetailCellType.swift */ = {isa = PBXFileReference; lastKnownFileType = sourcecode.swift; path = DetailCellType.swift; sourceTree = "<group>"; };
		DF96187128FA8DFE00E21D30 /* ReusableCellType.swift */ = {isa = PBXFileReference; lastKnownFileType = sourcecode.swift; path = ReusableCellType.swift; sourceTree = "<group>"; };
		DF96187328FA914700E21D30 /* MoreInformationCollectionViewCell.swift */ = {isa = PBXFileReference; lastKnownFileType = sourcecode.swift; path = MoreInformationCollectionViewCell.swift; sourceTree = "<group>"; };
		DF96187528FA953F00E21D30 /* MoreInformationReusableView.swift */ = {isa = PBXFileReference; lastKnownFileType = sourcecode.swift; path = MoreInformationReusableView.swift; sourceTree = "<group>"; };
		DFA6BDBD294C291A004E0FC4 /* UIKitController.swift */ = {isa = PBXFileReference; lastKnownFileType = sourcecode.swift; path = UIKitController.swift; sourceTree = "<group>"; };
		DFA6BDBF294C2926004E0FC4 /* SwiftUIView.swift */ = {isa = PBXFileReference; lastKnownFileType = sourcecode.swift; path = SwiftUIView.swift; sourceTree = "<group>"; };
		DFA9D12928F69865000CD26A /* CompositionalDetailCollectionViewCell.swift */ = {isa = PBXFileReference; lastKnownFileType = sourcecode.swift; path = CompositionalDetailCollectionViewCell.swift; sourceTree = "<group>"; };
		DFAD3E7328F6903600E03C8B /* CompositionalCollectionViewLayoutViewController.swift */ = {isa = PBXFileReference; lastKnownFileType = sourcecode.swift; path = CompositionalCollectionViewLayoutViewController.swift; sourceTree = "<group>"; };
		DFAD3E7528F6942D00E03C8B /* CompositionalHeaderCollectionViewCell.swift */ = {isa = PBXFileReference; lastKnownFileType = sourcecode.swift; path = CompositionalHeaderCollectionViewCell.swift; sourceTree = "<group>"; };
		DFDC1DD5288EB780001EE52B /* ScrollViewController.swift */ = {isa = PBXFileReference; lastKnownFileType = sourcecode.swift; path = ScrollViewController.swift; sourceTree = "<group>"; };
		DFE747C228FE7D0F0048E70A /* FirstViewController.swift */ = {isa = PBXFileReference; lastKnownFileType = sourcecode.swift; path = FirstViewController.swift; sourceTree = "<group>"; };
		DFE747C428FE7D220048E70A /* ModalViewController.swift */ = {isa = PBXFileReference; lastKnownFileType = sourcecode.swift; path = ModalViewController.swift; sourceTree = "<group>"; };
		DFE747C628FE81A10048E70A /* CustomStackView.swift */ = {isa = PBXFileReference; lastKnownFileType = sourcecode.swift; path = CustomStackView.swift; sourceTree = "<group>"; };
		DFE8634B28D1F25800F975F6 /* StackViewController.swift */ = {isa = PBXFileReference; lastKnownFileType = sourcecode.swift; path = StackViewController.swift; sourceTree = "<group>"; };
		DFE8635D28D8AEC400F975F6 /* AboutFontViewController.swift */ = {isa = PBXFileReference; lastKnownFileType = sourcecode.swift; path = AboutFontViewController.swift; sourceTree = "<group>"; };
		DFF460E0291FD74D001D8CEC /* DynamicHeightViewController.swift */ = {isa = PBXFileReference; lastKnownFileType = sourcecode.swift; path = DynamicHeightViewController.swift; sourceTree = "<group>"; };
		DFF460E2291FD76B001D8CEC /* DynamicCollectionViewCell.swift */ = {isa = PBXFileReference; lastKnownFileType = sourcecode.swift; path = DynamicCollectionViewCell.swift; sourceTree = "<group>"; };
		DFF7F91F28F44FF900804BEE /* OfficeAnnotationView.swift */ = {isa = PBXFileReference; lastKnownFileType = sourcecode.swift; path = OfficeAnnotationView.swift; sourceTree = "<group>"; };
		DFF7F92128F54C5A00804BEE /* OfficeDetailViewController.swift */ = {isa = PBXFileReference; lastKnownFileType = sourcecode.swift; path = OfficeDetailViewController.swift; sourceTree = "<group>"; };
		DFF7F92428F5591900804BEE /* CustomClusteringViewController.swift */ = {isa = PBXFileReference; lastKnownFileType = sourcecode.swift; path = CustomClusteringViewController.swift; sourceTree = "<group>"; };
		DFF7F92628F559F300804BEE /* Office1AnnotationView.swift */ = {isa = PBXFileReference; lastKnownFileType = sourcecode.swift; path = Office1AnnotationView.swift; sourceTree = "<group>"; };
		DFF7F92828F559FF00804BEE /* ActivityAnnotationView.swift */ = {isa = PBXFileReference; lastKnownFileType = sourcecode.swift; path = ActivityAnnotationView.swift; sourceTree = "<group>"; };
		DFF7F92A28F55BFB00804BEE /* ClusterAnnotationView.swift */ = {isa = PBXFileReference; lastKnownFileType = sourcecode.swift; path = ClusterAnnotationView.swift; sourceTree = "<group>"; };
		DFF7F92C28F55F5400804BEE /* TestData.swift */ = {isa = PBXFileReference; lastKnownFileType = sourcecode.swift; path = TestData.swift; sourceTree = "<group>"; };
		DFFBDB672966FBC50075A144 /* DiffableDataSourceViewController.swift */ = {isa = PBXFileReference; lastKnownFileType = sourcecode.swift; path = DiffableDataSourceViewController.swift; sourceTree = "<group>"; };
		DFFBDB6B296D1D990075A144 /* ConcurrentQueueViewController.swift */ = {isa = PBXFileReference; lastKnownFileType = sourcecode.swift; path = ConcurrentQueueViewController.swift; sourceTree = "<group>"; };
		DFFFD8B028E568A60027D0D8 /* ButtonPracticeViewController.swift */ = {isa = PBXFileReference; lastKnownFileType = sourcecode.swift; path = ButtonPracticeViewController.swift; sourceTree = "<group>"; };
		DFFFD8D328E886500027D0D8 /* MapViewController.swift */ = {isa = PBXFileReference; lastKnownFileType = sourcecode.swift; path = MapViewController.swift; sourceTree = "<group>"; };
		DFFFD8D628EC84A20027D0D8 /* MKAnnotationViewPractice.swift */ = {isa = PBXFileReference; lastKnownFileType = sourcecode.swift; path = MKAnnotationViewPractice.swift; sourceTree = "<group>"; };
/* End PBXFileReference section */

/* Begin PBXFrameworksBuildPhase section */
		DF5056762884586900E6F8AA /* Frameworks */ = {
			isa = PBXFrameworksBuildPhase;
			buildActionMask = 2147483647;
			files = (
			);
			runOnlyForDeploymentPostprocessing = 0;
		};
/* End PBXFrameworksBuildPhase section */

/* Begin PBXGroup section */
		DF0445D328915E7C004AD0FF /* DataBindingProtocol */ = {
			isa = PBXGroup;
			children = (
				DF0445DA2891A572004AD0FF /* DataViewController.swift */,
			);
			path = DataBindingProtocol;
			sourceTree = "<group>";
		};
		DF050B0E28A293A700A5912D /* DelegateProtocol */ = {
			isa = PBXGroup;
			children = (
				DF050B0F28A293E100A5912D /* DelegateProtocolViewController.swift */,
				DF050B1128A295B100A5912D /* SecondViewController.swift */,
			);
			path = DelegateProtocol;
			sourceTree = "<group>";
		};
		DF050B1728A3E59A00A5912D /* ViewLifeCycle */ = {
			isa = PBXGroup;
			children = (
				DF050B1828A3E5B800A5912D /* ViewLifeCycleViewController.swift */,
				DF050B1A28A3E7F900A5912D /* NextViewController.swift */,
			);
			path = ViewLifeCycle;
			sourceTree = "<group>";
		};
		DF22392528D1F21100E2E075 /* StackView */ = {
			isa = PBXGroup;
			children = (
				DFE747C128FE7CFF0048E70A /* StackModal */,
				DFE8634B28D1F25800F975F6 /* StackViewController.swift */,
			);
			path = StackView;
			sourceTree = "<group>";
		};
		DF3F8C3028BB5E3400D48913 /* imagePicker */ = {
			isa = PBXGroup;
			children = (
				DF3F8C3128BB5E5B00D48913 /* ImagePickerViewController.swift */,
			);
			path = imagePicker;
			sourceTree = "<group>";
		};
		DF5056702884586900E6F8AA = {
			isa = PBXGroup;
			children = (
				DF50567B2884586900E6F8AA /* UIKitDictionary */,
				DF50567A2884586900E6F8AA /* Products */,
			);
			sourceTree = "<group>";
		};
		DF50567A2884586900E6F8AA /* Products */ = {
			isa = PBXGroup;
			children = (
				DF5056792884586900E6F8AA /* UIKitDictionary.app */,
			);
			name = Products;
			sourceTree = "<group>";
		};
		DF50567B2884586900E6F8AA /* UIKitDictionary */ = {
			isa = PBXGroup;
			children = (
				DFFBDB6A296D1D710075A144 /* Concurrency */,
				DFFBDB69296D1D650075A144 /* ScrollView */,
				DFFBDB662966FB6E0075A144 /* DiffableDataSource */,
				DFA6BDBC294C28FB004E0FC4 /* SwiftUI+UIKit */,
				DFF460DF291FD72E001D8CEC /* CollectionViewDynamicHeight */,
				DFF7F92E28F68E9200804BEE /* CompositionalLayoutCollectionView */,
				DFFFD8D228E8863C0027D0D8 /* MapKit */,
				DFFFD8AD28E562320027D0D8 /* Button */,
				DFE8635C28D8AEAA00F975F6 /* Font */,
				DF22392528D1F21100E2E075 /* StackView */,
				DF3F8C3028BB5E3400D48913 /* imagePicker */,
				DF050B1728A3E59A00A5912D /* ViewLifeCycle */,
				DF050B0E28A293A700A5912D /* DelegateProtocol */,
				DF0445D328915E7C004AD0FF /* DataBindingProtocol */,
				DF50567C2884586900E6F8AA /* AppDelegate.swift */,
				DF50567E2884586900E6F8AA /* SceneDelegate.swift */,
				DF5056802884586900E6F8AA /* ViewController.swift */,
				DF5056852884586B00E6F8AA /* Assets.xcassets */,
				DF5056872884586B00E6F8AA /* LaunchScreen.storyboard */,
				DF50568A2884586B00E6F8AA /* Info.plist */,
				DF479F72289FDF5A00DA2E2B /* ClosurePrac.playground */,
			);
			path = UIKitDictionary;
			sourceTree = "<group>";
		};
		DF96186A28F94B0900E21D30 /* DetailView */ = {
			isa = PBXGroup;
			children = (
				DF96186828F9460F00E21D30 /* AnnotationDetailViewController.swift */,
				DF96186D28F94C9400E21D30 /* TitleCollectionReusableView.swift */,
				DF96186B28F94B2E00E21D30 /* DefaultCollectionViewCell.swift */,
				DF96187528FA953F00E21D30 /* MoreInformationReusableView.swift */,
				DF96187328FA914700E21D30 /* MoreInformationCollectionViewCell.swift */,
				DF96186F28FA803900E21D30 /* DetailCellType.swift */,
				DF96187128FA8DFE00E21D30 /* ReusableCellType.swift */,
			);
			path = DetailView;
			sourceTree = "<group>";
		};
		DFA6BDBC294C28FB004E0FC4 /* SwiftUI+UIKit */ = {
			isa = PBXGroup;
			children = (
				DFA6BDBD294C291A004E0FC4 /* UIKitController.swift */,
				DFA6BDBF294C2926004E0FC4 /* SwiftUIView.swift */,
			);
			path = "SwiftUI+UIKit";
			sourceTree = "<group>";
		};
		DFE747C128FE7CFF0048E70A /* StackModal */ = {
			isa = PBXGroup;
			children = (
				DFE747C228FE7D0F0048E70A /* FirstViewController.swift */,
				DFE747C428FE7D220048E70A /* ModalViewController.swift */,
				DFE747C628FE81A10048E70A /* CustomStackView.swift */,
			);
			path = StackModal;
			sourceTree = "<group>";
		};
		DFE8635C28D8AEAA00F975F6 /* Font */ = {
			isa = PBXGroup;
			children = (
				DFE8635D28D8AEC400F975F6 /* AboutFontViewController.swift */,
			);
			path = Font;
			sourceTree = "<group>";
		};
		DFF460DF291FD72E001D8CEC /* CollectionViewDynamicHeight */ = {
			isa = PBXGroup;
			children = (
				DFF460E0291FD74D001D8CEC /* DynamicHeightViewController.swift */,
				DFF460E2291FD76B001D8CEC /* DynamicCollectionViewCell.swift */,
			);
			path = CollectionViewDynamicHeight;
			sourceTree = "<group>";
		};
		DFF7F92328F558FD00804BEE /* CustomClusteringAnnotation */ = {
			isa = PBXGroup;
			children = (
				DF96186A28F94B0900E21D30 /* DetailView */,
				DFF7F92428F5591900804BEE /* CustomClusteringViewController.swift */,
				DFF7F92628F559F300804BEE /* Office1AnnotationView.swift */,
				DFF7F92828F559FF00804BEE /* ActivityAnnotationView.swift */,
				DFF7F92A28F55BFB00804BEE /* ClusterAnnotationView.swift */,
				DFF7F92C28F55F5400804BEE /* TestData.swift */,
			);
			path = CustomClusteringAnnotation;
			sourceTree = "<group>";
		};
		DFF7F92E28F68E9200804BEE /* CompositionalLayoutCollectionView */ = {
			isa = PBXGroup;
			children = (
				DFAD3E7328F6903600E03C8B /* CompositionalCollectionViewLayoutViewController.swift */,
				DFAD3E7528F6942D00E03C8B /* CompositionalHeaderCollectionViewCell.swift */,
				DFA9D12928F69865000CD26A /* CompositionalDetailCollectionViewCell.swift */,
				DF96186228F9005100E21D30 /* Header.swift */,
				DF96186428F931E300E21D30 /* CompositionalDummy.swift */,
			);
			path = CompositionalLayoutCollectionView;
			sourceTree = "<group>";
		};
		DFFBDB662966FB6E0075A144 /* DiffableDataSource */ = {
			isa = PBXGroup;
			children = (
				DFFBDB672966FBC50075A144 /* DiffableDataSourceViewController.swift */,
			);
			path = DiffableDataSource;
			sourceTree = "<group>";
		};
		DFFBDB69296D1D650075A144 /* ScrollView */ = {
			isa = PBXGroup;
			children = (
				DFDC1DD5288EB780001EE52B /* ScrollViewController.swift */,
			);
			path = ScrollView;
			sourceTree = "<group>";
		};
		DFFBDB6A296D1D710075A144 /* Concurrency */ = {
			isa = PBXGroup;
			children = (
				DFFBDB6B296D1D990075A144 /* ConcurrentQueueViewController.swift */,
			);
			path = Concurrency;
			sourceTree = "<group>";
		};
		DFFFD8AD28E562320027D0D8 /* Button */ = {
			isa = PBXGroup;
			children = (
				DF479F50289D305400DA2E2B /* ButtonViewController.swift */,
				DFFFD8B028E568A60027D0D8 /* ButtonPracticeViewController.swift */,
			);
			path = Button;
			sourceTree = "<group>";
		};
		DFFFD8D228E8863C0027D0D8 /* MapKit */ = {
			isa = PBXGroup;
			children = (
				DFF7F92328F558FD00804BEE /* CustomClusteringAnnotation */,
				DFFFD8D328E886500027D0D8 /* MapViewController.swift */,
				DFFFD8D628EC84A20027D0D8 /* MKAnnotationViewPractice.swift */,
				DFF7F91F28F44FF900804BEE /* OfficeAnnotationView.swift */,
				DFF7F92128F54C5A00804BEE /* OfficeDetailViewController.swift */,
			);
			path = MapKit;
			sourceTree = "<group>";
		};
/* End PBXGroup section */

/* Begin PBXNativeTarget section */
		DF5056782884586900E6F8AA /* UIKitDictionary */ = {
			isa = PBXNativeTarget;
			buildConfigurationList = DF50568D2884586B00E6F8AA /* Build configuration list for PBXNativeTarget "UIKitDictionary" */;
			buildPhases = (
				DF5056752884586900E6F8AA /* Sources */,
				DF5056762884586900E6F8AA /* Frameworks */,
				DF5056772884586900E6F8AA /* Resources */,
			);
			buildRules = (
			);
			dependencies = (
			);
			name = UIKitDictionary;
			productName = UIKitDictionary;
			productReference = DF5056792884586900E6F8AA /* UIKitDictionary.app */;
			productType = "com.apple.product-type.application";
		};
/* End PBXNativeTarget section */

/* Begin PBXProject section */
		DF5056712884586900E6F8AA /* Project object */ = {
			isa = PBXProject;
			attributes = {
				BuildIndependentTargetsInParallel = 1;
				LastSwiftUpdateCheck = 1340;
				LastUpgradeCheck = 1340;
				TargetAttributes = {
					DF5056782884586900E6F8AA = {
						CreatedOnToolsVersion = 13.4.1;
					};
				};
			};
			buildConfigurationList = DF5056742884586900E6F8AA /* Build configuration list for PBXProject "UIKitDictionary" */;
			compatibilityVersion = "Xcode 13.0";
			developmentRegion = en;
			hasScannedForEncodings = 0;
			knownRegions = (
				en,
				Base,
			);
			mainGroup = DF5056702884586900E6F8AA;
			productRefGroup = DF50567A2884586900E6F8AA /* Products */;
			projectDirPath = "";
			projectRoot = "";
			targets = (
				DF5056782884586900E6F8AA /* UIKitDictionary */,
			);
		};
/* End PBXProject section */

/* Begin PBXResourcesBuildPhase section */
		DF5056772884586900E6F8AA /* Resources */ = {
			isa = PBXResourcesBuildPhase;
			buildActionMask = 2147483647;
			files = (
				DF5056892884586B00E6F8AA /* LaunchScreen.storyboard in Resources */,
				DF5056862884586B00E6F8AA /* Assets.xcassets in Resources */,
			);
			runOnlyForDeploymentPostprocessing = 0;
		};
/* End PBXResourcesBuildPhase section */

/* Begin PBXSourcesBuildPhase section */
		DF5056752884586900E6F8AA /* Sources */ = {
			isa = PBXSourcesBuildPhase;
			buildActionMask = 2147483647;
			files = (
				DF96186528F931E300E21D30 /* CompositionalDummy.swift in Sources */,
				DF050B1228A295B100A5912D /* SecondViewController.swift in Sources */,
				DF96187428FA914700E21D30 /* MoreInformationCollectionViewCell.swift in Sources */,
				DFFFD8B128E568A70027D0D8 /* ButtonPracticeViewController.swift in Sources */,
				DFE747C528FE7D220048E70A /* ModalViewController.swift in Sources */,
				DFF7F92528F5591900804BEE /* CustomClusteringViewController.swift in Sources */,
				DF96187628FA953F00E21D30 /* MoreInformationReusableView.swift in Sources */,
				DFF7F92728F559F300804BEE /* Office1AnnotationView.swift in Sources */,
				DFA6BDC0294C2926004E0FC4 /* SwiftUIView.swift in Sources */,
				DFFFD8D728EC84A20027D0D8 /* MKAnnotationViewPractice.swift in Sources */,
				DF96186928F9460F00E21D30 /* AnnotationDetailViewController.swift in Sources */,
				DF5056812884586900E6F8AA /* ViewController.swift in Sources */,
				DF96186C28F94B2E00E21D30 /* DefaultCollectionViewCell.swift in Sources */,
				DF050B1028A293E100A5912D /* DelegateProtocolViewController.swift in Sources */,
				DF50567D2884586900E6F8AA /* AppDelegate.swift in Sources */,
				DF96187028FA803900E21D30 /* DetailCellType.swift in Sources */,
				DFE8635E28D8AEC400F975F6 /* AboutFontViewController.swift in Sources */,
				DFA6BDBE294C291A004E0FC4 /* UIKitController.swift in Sources */,
				DF0445DB2891A572004AD0FF /* DataViewController.swift in Sources */,
				DFAD3E7628F6942D00E03C8B /* CompositionalHeaderCollectionViewCell.swift in Sources */,
				DFF460E1291FD74D001D8CEC /* DynamicHeightViewController.swift in Sources */,
				DFF7F92D28F55F5400804BEE /* TestData.swift in Sources */,
				DF3F8C3228BB5E5B00D48913 /* ImagePickerViewController.swift in Sources */,
				DF050B1B28A3E7F900A5912D /* NextViewController.swift in Sources */,
				DFF460E3291FD76B001D8CEC /* DynamicCollectionViewCell.swift in Sources */,
				DFFBDB6C296D1D990075A144 /* ConcurrentQueueViewController.swift in Sources */,
				DFAD3E7428F6903600E03C8B /* CompositionalCollectionViewLayoutViewController.swift in Sources */,
				DFF7F92228F54C5A00804BEE /* OfficeDetailViewController.swift in Sources */,
				DFF7F92028F44FF900804BEE /* OfficeAnnotationView.swift in Sources */,
				DFF7F92B28F55BFB00804BEE /* ClusterAnnotationView.swift in Sources */,
				DFF7F92928F559FF00804BEE /* ActivityAnnotationView.swift in Sources */,
				DF96186328F9005100E21D30 /* Header.swift in Sources */,
				DF50567F2884586900E6F8AA /* SceneDelegate.swift in Sources */,
				DFE747C328FE7D0F0048E70A /* FirstViewController.swift in Sources */,
				DFFBDB682966FBC50075A144 /* DiffableDataSourceViewController.swift in Sources */,
				DF479F51289D305400DA2E2B /* ButtonViewController.swift in Sources */,
				DFE747C728FE81A10048E70A /* CustomStackView.swift in Sources */,
				DFA9D12A28F69865000CD26A /* CompositionalDetailCollectionViewCell.swift in Sources */,
				DFE8634C28D1F25800F975F6 /* StackViewController.swift in Sources */,
				DF96186E28F94C9400E21D30 /* TitleCollectionReusableView.swift in Sources */,
				DF050B1928A3E5B800A5912D /* ViewLifeCycleViewController.swift in Sources */,
				DF96187228FA8DFE00E21D30 /* ReusableCellType.swift in Sources */,
				DFFFD8D428E886500027D0D8 /* MapViewController.swift in Sources */,
				DFDC1DD6288EB780001EE52B /* ScrollViewController.swift in Sources */,
			);
			runOnlyForDeploymentPostprocessing = 0;
		};
/* End PBXSourcesBuildPhase section */

/* Begin PBXVariantGroup section */
		DF5056872884586B00E6F8AA /* LaunchScreen.storyboard */ = {
			isa = PBXVariantGroup;
			children = (
				DF5056882884586B00E6F8AA /* Base */,
			);
			name = LaunchScreen.storyboard;
			sourceTree = "<group>";
		};
/* End PBXVariantGroup section */

/* Begin XCBuildConfiguration section */
		DF50568B2884586B00E6F8AA /* Debug */ = {
			isa = XCBuildConfiguration;
			buildSettings = {
				ALWAYS_SEARCH_USER_PATHS = NO;
				CLANG_ANALYZER_NONNULL = YES;
				CLANG_ANALYZER_NUMBER_OBJECT_CONVERSION = YES_AGGRESSIVE;
				CLANG_CXX_LANGUAGE_STANDARD = "gnu++17";
				CLANG_ENABLE_MODULES = YES;
				CLANG_ENABLE_OBJC_ARC = YES;
				CLANG_ENABLE_OBJC_WEAK = YES;
				CLANG_WARN_BLOCK_CAPTURE_AUTORELEASING = YES;
				CLANG_WARN_BOOL_CONVERSION = YES;
				CLANG_WARN_COMMA = YES;
				CLANG_WARN_CONSTANT_CONVERSION = YES;
				CLANG_WARN_DEPRECATED_OBJC_IMPLEMENTATIONS = YES;
				CLANG_WARN_DIRECT_OBJC_ISA_USAGE = YES_ERROR;
				CLANG_WARN_DOCUMENTATION_COMMENTS = YES;
				CLANG_WARN_EMPTY_BODY = YES;
				CLANG_WARN_ENUM_CONVERSION = YES;
				CLANG_WARN_INFINITE_RECURSION = YES;
				CLANG_WARN_INT_CONVERSION = YES;
				CLANG_WARN_NON_LITERAL_NULL_CONVERSION = YES;
				CLANG_WARN_OBJC_IMPLICIT_RETAIN_SELF = YES;
				CLANG_WARN_OBJC_LITERAL_CONVERSION = YES;
				CLANG_WARN_OBJC_ROOT_CLASS = YES_ERROR;
				CLANG_WARN_QUOTED_INCLUDE_IN_FRAMEWORK_HEADER = YES;
				CLANG_WARN_RANGE_LOOP_ANALYSIS = YES;
				CLANG_WARN_STRICT_PROTOTYPES = YES;
				CLANG_WARN_SUSPICIOUS_MOVE = YES;
				CLANG_WARN_UNGUARDED_AVAILABILITY = YES_AGGRESSIVE;
				CLANG_WARN_UNREACHABLE_CODE = YES;
				CLANG_WARN__DUPLICATE_METHOD_MATCH = YES;
				COPY_PHASE_STRIP = NO;
				DEBUG_INFORMATION_FORMAT = dwarf;
				ENABLE_STRICT_OBJC_MSGSEND = YES;
				ENABLE_TESTABILITY = YES;
				GCC_C_LANGUAGE_STANDARD = gnu11;
				GCC_DYNAMIC_NO_PIC = NO;
				GCC_NO_COMMON_BLOCKS = YES;
				GCC_OPTIMIZATION_LEVEL = 0;
				GCC_PREPROCESSOR_DEFINITIONS = (
					"DEBUG=1",
					"$(inherited)",
				);
				GCC_WARN_64_TO_32_BIT_CONVERSION = YES;
				GCC_WARN_ABOUT_RETURN_TYPE = YES_ERROR;
				GCC_WARN_UNDECLARED_SELECTOR = YES;
				GCC_WARN_UNINITIALIZED_AUTOS = YES_AGGRESSIVE;
				GCC_WARN_UNUSED_FUNCTION = YES;
				GCC_WARN_UNUSED_VARIABLE = YES;
				IPHONEOS_DEPLOYMENT_TARGET = 15.5;
				MTL_ENABLE_DEBUG_INFO = INCLUDE_SOURCE;
				MTL_FAST_MATH = YES;
				ONLY_ACTIVE_ARCH = YES;
				SDKROOT = iphoneos;
				SWIFT_ACTIVE_COMPILATION_CONDITIONS = DEBUG;
				SWIFT_OPTIMIZATION_LEVEL = "-Onone";
			};
			name = Debug;
		};
		DF50568C2884586B00E6F8AA /* Release */ = {
			isa = XCBuildConfiguration;
			buildSettings = {
				ALWAYS_SEARCH_USER_PATHS = NO;
				CLANG_ANALYZER_NONNULL = YES;
				CLANG_ANALYZER_NUMBER_OBJECT_CONVERSION = YES_AGGRESSIVE;
				CLANG_CXX_LANGUAGE_STANDARD = "gnu++17";
				CLANG_ENABLE_MODULES = YES;
				CLANG_ENABLE_OBJC_ARC = YES;
				CLANG_ENABLE_OBJC_WEAK = YES;
				CLANG_WARN_BLOCK_CAPTURE_AUTORELEASING = YES;
				CLANG_WARN_BOOL_CONVERSION = YES;
				CLANG_WARN_COMMA = YES;
				CLANG_WARN_CONSTANT_CONVERSION = YES;
				CLANG_WARN_DEPRECATED_OBJC_IMPLEMENTATIONS = YES;
				CLANG_WARN_DIRECT_OBJC_ISA_USAGE = YES_ERROR;
				CLANG_WARN_DOCUMENTATION_COMMENTS = YES;
				CLANG_WARN_EMPTY_BODY = YES;
				CLANG_WARN_ENUM_CONVERSION = YES;
				CLANG_WARN_INFINITE_RECURSION = YES;
				CLANG_WARN_INT_CONVERSION = YES;
				CLANG_WARN_NON_LITERAL_NULL_CONVERSION = YES;
				CLANG_WARN_OBJC_IMPLICIT_RETAIN_SELF = YES;
				CLANG_WARN_OBJC_LITERAL_CONVERSION = YES;
				CLANG_WARN_OBJC_ROOT_CLASS = YES_ERROR;
				CLANG_WARN_QUOTED_INCLUDE_IN_FRAMEWORK_HEADER = YES;
				CLANG_WARN_RANGE_LOOP_ANALYSIS = YES;
				CLANG_WARN_STRICT_PROTOTYPES = YES;
				CLANG_WARN_SUSPICIOUS_MOVE = YES;
				CLANG_WARN_UNGUARDED_AVAILABILITY = YES_AGGRESSIVE;
				CLANG_WARN_UNREACHABLE_CODE = YES;
				CLANG_WARN__DUPLICATE_METHOD_MATCH = YES;
				COPY_PHASE_STRIP = NO;
				DEBUG_INFORMATION_FORMAT = "dwarf-with-dsym";
				ENABLE_NS_ASSERTIONS = NO;
				ENABLE_STRICT_OBJC_MSGSEND = YES;
				GCC_C_LANGUAGE_STANDARD = gnu11;
				GCC_NO_COMMON_BLOCKS = YES;
				GCC_WARN_64_TO_32_BIT_CONVERSION = YES;
				GCC_WARN_ABOUT_RETURN_TYPE = YES_ERROR;
				GCC_WARN_UNDECLARED_SELECTOR = YES;
				GCC_WARN_UNINITIALIZED_AUTOS = YES_AGGRESSIVE;
				GCC_WARN_UNUSED_FUNCTION = YES;
				GCC_WARN_UNUSED_VARIABLE = YES;
				IPHONEOS_DEPLOYMENT_TARGET = 15.5;
				MTL_ENABLE_DEBUG_INFO = NO;
				MTL_FAST_MATH = YES;
				SDKROOT = iphoneos;
				SWIFT_COMPILATION_MODE = wholemodule;
				SWIFT_OPTIMIZATION_LEVEL = "-O";
				VALIDATE_PRODUCT = YES;
			};
			name = Release;
		};
		DF50568E2884586B00E6F8AA /* Debug */ = {
			isa = XCBuildConfiguration;
			buildSettings = {
				ASSETCATALOG_COMPILER_APPICON_NAME = AppIcon;
				ASSETCATALOG_COMPILER_GLOBAL_ACCENT_COLOR_NAME = AccentColor;
				CODE_SIGN_STYLE = Automatic;
				CURRENT_PROJECT_VERSION = 1;
				DEVELOPMENT_TEAM = DF85MB57QP;
				GENERATE_INFOPLIST_FILE = YES;
				INFOPLIST_FILE = UIKitDictionary/Info.plist;
				INFOPLIST_KEY_UIApplicationSupportsIndirectInputEvents = YES;
				INFOPLIST_KEY_UILaunchStoryboardName = LaunchScreen;
				INFOPLIST_KEY_UISupportedInterfaceOrientations_iPad = "UIInterfaceOrientationPortrait UIInterfaceOrientationPortraitUpsideDown UIInterfaceOrientationLandscapeLeft UIInterfaceOrientationLandscapeRight";
				INFOPLIST_KEY_UISupportedInterfaceOrientations_iPhone = "UIInterfaceOrientationPortrait UIInterfaceOrientationLandscapeLeft UIInterfaceOrientationLandscapeRight";
				LD_RUNPATH_SEARCH_PATHS = (
					"$(inherited)",
					"@executable_path/Frameworks",
				);
				MARKETING_VERSION = 1.0;
				PRODUCT_BUNDLE_IDENTIFIER = s.UIKitDictionary;
				PRODUCT_NAME = "$(TARGET_NAME)";
				SWIFT_EMIT_LOC_STRINGS = YES;
				SWIFT_VERSION = 5.0;
				TARGETED_DEVICE_FAMILY = "1,2";
			};
			name = Debug;
		};
		DF50568F2884586B00E6F8AA /* Release */ = {
			isa = XCBuildConfiguration;
			buildSettings = {
				ASSETCATALOG_COMPILER_APPICON_NAME = AppIcon;
				ASSETCATALOG_COMPILER_GLOBAL_ACCENT_COLOR_NAME = AccentColor;
				CODE_SIGN_STYLE = Automatic;
				CURRENT_PROJECT_VERSION = 1;
				DEVELOPMENT_TEAM = DF85MB57QP;
				GENERATE_INFOPLIST_FILE = YES;
				INFOPLIST_FILE = UIKitDictionary/Info.plist;
				INFOPLIST_KEY_UIApplicationSupportsIndirectInputEvents = YES;
				INFOPLIST_KEY_UILaunchStoryboardName = LaunchScreen;
				INFOPLIST_KEY_UISupportedInterfaceOrientations_iPad = "UIInterfaceOrientationPortrait UIInterfaceOrientationPortraitUpsideDown UIInterfaceOrientationLandscapeLeft UIInterfaceOrientationLandscapeRight";
				INFOPLIST_KEY_UISupportedInterfaceOrientations_iPhone = "UIInterfaceOrientationPortrait UIInterfaceOrientationLandscapeLeft UIInterfaceOrientationLandscapeRight";
				LD_RUNPATH_SEARCH_PATHS = (
					"$(inherited)",
					"@executable_path/Frameworks",
				);
				MARKETING_VERSION = 1.0;
				PRODUCT_BUNDLE_IDENTIFIER = s.UIKitDictionary;
				PRODUCT_NAME = "$(TARGET_NAME)";
				SWIFT_EMIT_LOC_STRINGS = YES;
				SWIFT_VERSION = 5.0;
				TARGETED_DEVICE_FAMILY = "1,2";
			};
			name = Release;
		};
/* End XCBuildConfiguration section */

/* Begin XCConfigurationList section */
		DF5056742884586900E6F8AA /* Build configuration list for PBXProject "UIKitDictionary" */ = {
			isa = XCConfigurationList;
			buildConfigurations = (
				DF50568B2884586B00E6F8AA /* Debug */,
				DF50568C2884586B00E6F8AA /* Release */,
			);
			defaultConfigurationIsVisible = 0;
			defaultConfigurationName = Release;
		};
		DF50568D2884586B00E6F8AA /* Build configuration list for PBXNativeTarget "UIKitDictionary" */ = {
			isa = XCConfigurationList;
			buildConfigurations = (
				DF50568E2884586B00E6F8AA /* Debug */,
				DF50568F2884586B00E6F8AA /* Release */,
			);
			defaultConfigurationIsVisible = 0;
			defaultConfigurationName = Release;
		};
/* End XCConfigurationList section */
	};
	rootObject = DF5056712884586900E6F8AA /* Project object */;
}
